
Microsoft Visual Studio Solution File, Format Version 12.00
# Visual Studio Version 17
VisualStudioVersion = 17.0.32126.317
MinimumVisualStudioVersion = 10.0.40219.1
Project("{FAE04EC0-301F-11D3-BF4B-00C04F79EFBC}") = "pe.com.tiendita.dal", "pe.com.tiendita.dal\pe.com.tiendita.dal.csproj", "{D4A5A95B-9D20-405E-8B57-73303121E788}"
EndProject
Project("{FAE04EC0-301F-11D3-BF4B-00C04F79EFBC}") = "pe.com.tiendita.bo", "pe.com.tiendita.bo\pe.com.tiendita.bo.csproj", "{ED752B20-C897-4958-B9F6-1A51294F70E1}"
EndProject
Project("{FAE04EC0-301F-11D3-BF4B-00C04F79EFBC}") = "pe.com.tiendita.bal", "pe.com.tiendita.bal\pe.com.tiendita.bal.csproj", "{BB67D6D0-1266-40A9-BEC8-8945EE67BCA1}"
EndProject
Project("{FAE04EC0-301F-11D3-BF4B-00C04F79EFBC}") = "pe.com.tiendita.ui", "pe.com.tiendita.ui\pe.com.tiendita.ui.csproj", "{98643E7F-748C-4882-9644-645C25CCE629}"
EndProject
Project("{FAE04EC0-301F-11D3-BF4B-00C04F79EFBC}") = "pe.com.tiendita.ws", "pe.com.tiendita.ws\pe.com.tiendita.ws.csproj", "{319004F0-1D2F-45D7-9B33-DE8882A154CF}"
EndProject
Global
	GlobalSection(SolutionConfigurationPlatforms) = preSolution
		Debug|Any CPU = Debug|Any CPU
		Release|Any CPU = Release|Any CPU
	EndGlobalSection
	GlobalSection(ProjectConfigurationPlatforms) = postSolution
		{D4A5A95B-9D20-405E-8B57-73303121E788}.Debug|Any CPU.ActiveCfg = Debug|Any CPU
		{D4A5A95B-9D20-405E-8B57-73303121E788}.Debug|Any CPU.Build.0 = Debug|Any CPU
		{D4A5A95B-9D20-405E-8B57-73303121E788}.Release|Any CPU.ActiveCfg = Release|Any CPU
		{D4A5A95B-9D20-405E-8B57-73303121E788}.Release|Any CPU.Build.0 = Release|Any CPU
		{ED752B20-C897-4958-B9F6-1A51294F70E1}.Debug|Any CPU.ActiveCfg = Debug|Any CPU
		{ED752B20-C897-4958-B9F6-1A51294F70E1}.Debug|Any CPU.Build.0 = Debug|Any CPU
		{ED752B20-C897-4958-B9F6-1A51294F70E1}.Release|Any CPU.ActiveCfg = Release|Any CPU
		{ED752B20-C897-4958-B9F6-1A51294F70E1}.Release|Any CPU.Build.0 = Release|Any CPU
		{BB67D6D0-1266-40A9-BEC8-8945EE67BCA1}.Debug|Any CPU.ActiveCfg = Debug|Any CPU
		{BB67D6D0-1266-40A9-BEC8-8945EE67BCA1}.Debug|Any CPU.Build.0 = Debug|Any CPU
		{BB67D6D0-1266-40A9-BEC8-8945EE67BCA1}.Release|Any CPU.ActiveCfg = Release|Any CPU
		{BB67D6D0-1266-40A9-BEC8-8945EE67BCA1}.Release|Any CPU.Build.0 = Release|Any CPU
		{98643E7F-748C-4882-9644-645C25CCE629}.Debug|Any CPU.ActiveCfg = Debug|Any CPU
		{98643E7F-748C-4882-9644-645C25CCE629}.Debug|Any CPU.Build.0 = Debug|Any CPU
		{98643E7F-748C-4882-9644-645C25CCE629}.Release|Any CPU.ActiveCfg = Release|Any CPU
		{98643E7F-748C-4882-9644-645C25CCE629}.Release|Any CPU.Build.0 = Release|Any CPU
		{319004F0-1D2F-45D7-9B33-DE8882A154CF}.Debug|Any CPU.ActiveCfg = Debug|Any CPU
		{319004F0-1D2F-45D7-9B33-DE8882A154CF}.Debug|Any CPU.Build.0 = Debug|Any CPU
		{319004F0-1D2F-45D7-9B33-DE8882A154CF}.Release|Any CPU.ActiveCfg = Release|Any CPU
		{319004F0-1D2F-45D7-9B33-DE8882A154CF}.Release|Any CPU.Build.0 = Release|Any CPU
	EndGlobalSection
	GlobalSection(SolutionProperties) = preSolution
		HideSolutionNode = FALSE
	EndGlobalSection
	GlobalSection(ExtensibilityGlobals) = postSolution
		SolutionGuid = {D4F446E6-EE8F-4B33-9E0F-B20DEBEC86D6}
	EndGlobalSection
EndGlobal
